// !$*UTF8*$!
{
	archiveVersion = 1;
	classes = {
	};
	objectVersion = 56;
	objects = {

/* Begin PBXBuildFile section */
		1A5474672A74AB7D00BA60AE /* AppDelegate.swift in Sources */ = {isa = PBXBuildFile; fileRef = 1A5474662A74AB7D00BA60AE /* AppDelegate.swift */; };
		1A5474692A74AB7D00BA60AE /* SceneDelegate.swift in Sources */ = {isa = PBXBuildFile; fileRef = 1A5474682A74AB7D00BA60AE /* SceneDelegate.swift */; };
		1A54746E2A74AB7D00BA60AE /* Main.storyboard in Resources */ = {isa = PBXBuildFile; fileRef = 1A54746C2A74AB7D00BA60AE /* Main.storyboard */; };
		1A5474702A74AB8100BA60AE /* Assets.xcassets in Resources */ = {isa = PBXBuildFile; fileRef = 1A54746F2A74AB8100BA60AE /* Assets.xcassets */; };
		1A5474732A74AB8100BA60AE /* LaunchScreen.storyboard in Resources */ = {isa = PBXBuildFile; fileRef = 1A5474712A74AB8100BA60AE /* LaunchScreen.storyboard */; };
		1A54747B2A763DFD00BA60AE /* ShoppingTableViewController.swift in Sources */ = {isa = PBXBuildFile; fileRef = 1A54747A2A763DFD00BA60AE /* ShoppingTableViewController.swift */; };
/* End PBXBuildFile section */

/* Begin PBXFileReference section */
		1A5474632A74AB7D00BA60AE /* iOS_ShoppingList.app */ = {isa = PBXFileReference; explicitFileType = wrapper.application; includeInIndex = 0; path = iOS_ShoppingList.app; sourceTree = BUILT_PRODUCTS_DIR; };
		1A5474662A74AB7D00BA60AE /* AppDelegate.swift */ = {isa = PBXFileReference; lastKnownFileType = sourcecode.swift; path = AppDelegate.swift; sourceTree = "<group>"; };
		1A5474682A74AB7D00BA60AE /* SceneDelegate.swift */ = {isa = PBXFileReference; lastKnownFileType = sourcecode.swift; path = SceneDelegate.swift; sourceTree = "<group>"; };
		1A54746D2A74AB7D00BA60AE /* Base */ = {isa = PBXFileReference; lastKnownFileType = file.storyboard; name = Base; path = Base.lproj/Main.storyboard; sourceTree = "<group>"; };
		1A54746F2A74AB8100BA60AE /* Assets.xcassets */ = {isa = PBXFileReference; lastKnownFileType = folder.assetcatalog; path = Assets.xcassets; sourceTree = "<group>"; };
		1A5474722A74AB8100BA60AE /* Base */ = {isa = PBXFileReference; lastKnownFileType = file.storyboard; name = Base; path = Base.lproj/LaunchScreen.storyboard; sourceTree = "<group>"; };
		1A5474742A74AB8100BA60AE /* Info.plist */ = {isa = PBXFileReference; lastKnownFileType = text.plist.xml; path = Info.plist; sourceTree = "<group>"; };
		1A54747A2A763DFD00BA60AE /* ShoppingTableViewController.swift */ = {isa = PBXFileReference; lastKnownFileType = sourcecode.swift; path = ShoppingTableViewController.swift; sourceTree = "<group>"; };
/* End PBXFileReference section */

/* Begin PBXFrameworksBuildPhase section */
		1A5474602A74AB7D00BA60AE /* Frameworks */ = {
			isa = PBXFrameworksBuildPhase;
			buildActionMask = 2147483647;
			files = (
			);
			runOnlyForDeploymentPostprocessing = 0;
		};
/* End PBXFrameworksBuildPhase section */

/* Begin PBXGroup section */
		1A54745A2A74AB7C00BA60AE = {
			isa = PBXGroup;
			children = (
				1A5474652A74AB7D00BA60AE /* iOS_ShoppingList */,
				1A5474642A74AB7D00BA60AE /* Products */,
			);
			sourceTree = "<group>";
		};
		1A5474642A74AB7D00BA60AE /* Products */ = {
			isa = PBXGroup;
			children = (
				1A5474632A74AB7D00BA60AE /* iOS_ShoppingList.app */,
			);
			name = Products;
			sourceTree = "<group>";
		};
		1A5474652A74AB7D00BA60AE /* iOS_ShoppingList */ = {
			isa = PBXGroup;
			children = (
				1A5474662A74AB7D00BA60AE /* AppDelegate.swift */,
				1A5474682A74AB7D00BA60AE /* SceneDelegate.swift */,
				1A54746C2A74AB7D00BA60AE /* Main.storyboard */,
				1A54746F2A74AB8100BA60AE /* Assets.xcassets */,
				1A5474712A74AB8100BA60AE /* LaunchScreen.storyboard */,
				1A5474742A74AB8100BA60AE /* Info.plist */,
				1A54747A2A763DFD00BA60AE /* ShoppingTableViewController.swift */,
			);
			path = iOS_ShoppingList;
			sourceTree = "<group>";
		};
/* End PBXGroup section */

/* Begin PBXNativeTarget section */
		1A5474622A74AB7D00BA60AE /* iOS_ShoppingList */ = {
			isa = PBXNativeTarget;
			buildConfigurationList = 1A5474772A74AB8100BA60AE /* Build configuration list for PBXNativeTarget "iOS_ShoppingList" */;
			buildPhases = (
				1A54745F2A74AB7D00BA60AE /* Sources */,
				1A5474602A74AB7D00BA60AE /* Frameworks */,
				1A5474612A74AB7D00BA60AE /* Resources */,
			);
			buildRules = (
			);
			dependencies = (
			);
			name = iOS_ShoppingList;
			productName = iOS_ShoppingList;
			productReference = 1A5474632A74AB7D00BA60AE /* iOS_ShoppingList.app */;
			productType = "com.apple.product-type.application";
		};
/* End PBXNativeTarget section */

/* Begin PBXProject section */
		1A54745B2A74AB7D00BA60AE /* Project object */ = {
			isa = PBXProject;
			attributes = {
				BuildIndependentTargetsInParallel = 1;
				LastSwiftUpdateCheck = 1430;
				LastUpgradeCheck = 1430;
				TargetAttributes = {
					1A5474622A74AB7D00BA60AE = {
						CreatedOnToolsVersion = 14.3;
					};
				};
			};
			buildConfigurationList = 1A54745E2A74AB7D00BA60AE /* Build configuration list for PBXProject "iOS_ShoppingList" */;
			compatibilityVersion = "Xcode 14.0";
			developmentRegion = en;
			hasScannedForEncodings = 0;
			knownRegions = (
				en,
				Base,
			);
			mainGroup = 1A54745A2A74AB7C00BA60AE;
			productRefGroup = 1A5474642A74AB7D00BA60AE /* Products */;
			projectDirPath = "";
			projectRoot = "";
			targets = (
				1A5474622A74AB7D00BA60AE /* iOS_ShoppingList */,
			);
		};
/* End PBXProject section */

/* Begin PBXResourcesBuildPhase section */
		1A5474612A74AB7D00BA60AE /* Resources */ = {
			isa = PBXResourcesBuildPhase;
			buildActionMask = 2147483647;
			files = (
				1A5474732A74AB8100BA60AE /* LaunchScreen.storyboard in Resources */,
				1A5474702A74AB8100BA60AE /* Assets.xcassets in Resources */,
				1A54746E2A74AB7D00BA60AE /* Main.storyboard in Resources */,
			);
			runOnlyForDeploymentPostprocessing = 0;
		};
/* End PBXResourcesBuildPhase section */

/* Begin PBXSourcesBuildPhase section */
		1A54745F2A74AB7D00BA60AE /* Sources */ = {
			isa = PBXSourcesBuildPhase;
			buildActionMask = 2147483647;
			files = (
				1A5474672A74AB7D00BA60AE /* AppDelegate.swift in Sources */,
				1A54747B2A763DFD00BA60AE /* ShoppingTableViewController.swift in Sources */,
				1A5474692A74AB7D00BA60AE /* SceneDelegate.swift in Sources */,
			);
			runOnlyForDeploymentPostprocessing = 0;
		};
/* End PBXSourcesBuildPhase section */

/* Begin PBXVariantGroup section */
		1A54746C2A74AB7D00BA60AE /* Main.storyboard */ = {
			isa = PBXVariantGroup;
			children = (
				1A54746D2A74AB7D00BA60AE /* Base */,
			);
			name = Main.storyboard;
			sourceTree = "<group>";
		};
		1A5474712A74AB8100BA60AE /* LaunchScreen.storyboard */ = {
			isa = PBXVariantGroup;
			children = (
				1A5474722A74AB8100BA60AE /* Base */,
			);
			name = LaunchScreen.storyboard;
			sourceTree = "<group>";
		};
/* End PBXVariantGroup section */

/* Begin XCBuildConfiguration section */
		1A5474752A74AB8100BA60AE /* Debug */ = {
			isa = XCBuildConfiguration;
			buildSettings = {
				ALWAYS_SEARCH_USER_PATHS = NO;
				CLANG_ANALYZER_NONNULL = YES;
				CLANG_ANALYZER_NUMBER_OBJECT_CONVERSION = YES_AGGRESSIVE;
				CLANG_CXX_LANGUAGE_STANDARD = "gnu++20";
				CLANG_ENABLE_MODULES = YES;
				CLANG_ENABLE_OBJC_ARC = YES;
				CLANG_ENABLE_OBJC_WEAK = YES;
				CLANG_WARN_BLOCK_CAPTURE_AUTORELEASING = YES;
				CLANG_WARN_BOOL_CONVERSION = YES;
				CLANG_WARN_COMMA = YES;
				CLANG_WARN_CONSTANT_CONVERSION = YES;
				CLANG_WARN_DEPRECATED_OBJC_IMPLEMENTATIONS = YES;
				CLANG_WARN_DIRECT_OBJC_ISA_USAGE = YES_ERROR;
				CLANG_WARN_DOCUMENTATION_COMMENTS = YES;
				CLANG_WARN_EMPTY_BODY = YES;
				CLANG_WARN_ENUM_CONVERSION = YES;
				CLANG_WARN_INFINITE_RECURSION = YES;
				CLANG_WARN_INT_CONVERSION = YES;
				CLANG_WARN_NON_LITERAL_NULL_CONVERSION = YES;
				CLANG_WARN_OBJC_IMPLICIT_RETAIN_SELF = YES;
				CLANG_WARN_OBJC_LITERAL_CONVERSION = YES;
				CLANG_WARN_OBJC_ROOT_CLASS = YES_ERROR;
				CLANG_WARN_QUOTED_INCLUDE_IN_FRAMEWORK_HEADER = YES;
				CLANG_WARN_RANGE_LOOP_ANALYSIS = YES;
				CLANG_WARN_STRICT_PROTOTYPES = YES;
				CLANG_WARN_SUSPICIOUS_MOVE = YES;
				CLANG_WARN_UNGUARDED_AVAILABILITY = YES_AGGRESSIVE;
				CLANG_WARN_UNREACHABLE_CODE = YES;
				CLANG_WARN__DUPLICATE_METHOD_MATCH = YES;
				COPY_PHASE_STRIP = NO;
				DEBUG_INFORMATION_FORMAT = dwarf;
				ENABLE_STRICT_OBJC_MSGSEND = YES;
				ENABLE_TESTABILITY = YES;
				GCC_C_LANGUAGE_STANDARD = gnu11;
				GCC_DYNAMIC_NO_PIC = NO;
				GCC_NO_COMMON_BLOCKS = YES;
				GCC_OPTIMIZATION_LEVEL = 0;
				GCC_PREPROCESSOR_DEFINITIONS = (
					"DEBUG=1",
					"$(inherited)",
				);
				GCC_WARN_64_TO_32_BIT_CONVERSION = YES;
				GCC_WARN_ABOUT_RETURN_TYPE = YES_ERROR;
				GCC_WARN_UNDECLARED_SELECTOR = YES;
				GCC_WARN_UNINITIALIZED_AUTOS = YES_AGGRESSIVE;
				GCC_WARN_UNUSED_FUNCTION = YES;
				GCC_WARN_UNUSED_VARIABLE = YES;
				IPHONEOS_DEPLOYMENT_TARGET = 16.4;
				MTL_ENABLE_DEBUG_INFO = INCLUDE_SOURCE;
				MTL_FAST_MATH = YES;
				ONLY_ACTIVE_ARCH = YES;
				SDKROOT = iphoneos;
				SWIFT_ACTIVE_COMPILATION_CONDITIONS = DEBUG;
				SWIFT_OPTIMIZATION_LEVEL = "-Onone";
			};
			name = Debug;
		};
		1A5474762A74AB8100BA60AE /* Release */ = {
			isa = XCBuildConfiguration;
			buildSettings = {
				ALWAYS_SEARCH_USER_PATHS = NO;
				CLANG_ANALYZER_NONNULL = YES;
				CLANG_ANALYZER_NUMBER_OBJECT_CONVERSION = YES_AGGRESSIVE;
				CLANG_CXX_LANGUAGE_STANDARD = "gnu++20";
				CLANG_ENABLE_MODULES = YES;
				CLANG_ENABLE_OBJC_ARC = YES;
				CLANG_ENABLE_OBJC_WEAK = YES;
				CLANG_WARN_BLOCK_CAPTURE_AUTORELEASING = YES;
				CLANG_WARN_BOOL_CONVERSION = YES;
				CLANG_WARN_COMMA = YES;
				CLANG_WARN_CONSTANT_CONVERSION = YES;
				CLANG_WARN_DEPRECATED_OBJC_IMPLEMENTATIONS = YES;
				CLANG_WARN_DIRECT_OBJC_ISA_USAGE = YES_ERROR;
				CLANG_WARN_DOCUMENTATION_COMMENTS = YES;
				CLANG_WARN_EMPTY_BODY = YES;
				CLANG_WARN_ENUM_CONVERSION = YES;
				CLANG_WARN_INFINITE_RECURSION = YES;
				CLANG_WARN_INT_CONVERSION = YES;
				CLANG_WARN_NON_LITERAL_NULL_CONVERSION = YES;
				CLANG_WARN_OBJC_IMPLICIT_RETAIN_SELF = YES;
				CLANG_WARN_OBJC_LITERAL_CONVERSION = YES;
				CLANG_WARN_OBJC_ROOT_CLASS = YES_ERROR;
				CLANG_WARN_QUOTED_INCLUDE_IN_FRAMEWORK_HEADER = YES;
				CLANG_WARN_RANGE_LOOP_ANALYSIS = YES;
				CLANG_WARN_STRICT_PROTOTYPES = YES;
				CLANG_WARN_SUSPICIOUS_MOVE = YES;
				CLANG_WARN_UNGUARDED_AVAILABILITY = YES_AGGRESSIVE;
				CLANG_WARN_UNREACHABLE_CODE = YES;
				CLANG_WARN__DUPLICATE_METHOD_MATCH = YES;
				COPY_PHASE_STRIP = NO;
				DEBUG_INFORMATION_FORMAT = "dwarf-with-dsym";
				ENABLE_NS_ASSERTIONS = NO;
				ENABLE_STRICT_OBJC_MSGSEND = YES;
				GCC_C_LANGUAGE_STANDARD = gnu11;
				GCC_NO_COMMON_BLOCKS = YES;
				GCC_WARN_64_TO_32_BIT_CONVERSION = YES;
				GCC_WARN_ABOUT_RETURN_TYPE = YES_ERROR;
				GCC_WARN_UNDECLARED_SELECTOR = YES;
				GCC_WARN_UNINITIALIZED_AUTOS = YES_AGGRESSIVE;
				GCC_WARN_UNUSED_FUNCTION = YES;
				GCC_WARN_UNUSED_VARIABLE = YES;
				IPHONEOS_DEPLOYMENT_TARGET = 16.4;
				MTL_ENABLE_DEBUG_INFO = NO;
				MTL_FAST_MATH = YES;
				SDKROOT = iphoneos;
				SWIFT_COMPILATION_MODE = wholemodule;
				SWIFT_OPTIMIZATION_LEVEL = "-O";
				VALIDATE_PRODUCT = YES;
			};
			name = Release;
		};
		1A5474782A74AB8100BA60AE /* Debug */ = {
			isa = XCBuildConfiguration;
			buildSettings = {
				ASSETCATALOG_COMPILER_APPICON_NAME = AppIcon;
				ASSETCATALOG_COMPILER_GLOBAL_ACCENT_COLOR_NAME = AccentColor;
				CODE_SIGN_STYLE = Automatic;
				CURRENT_PROJECT_VERSION = 1;
				DEVELOPMENT_TEAM = SCN84PT84W;
				GENERATE_INFOPLIST_FILE = YES;
				INFOPLIST_FILE = iOS_ShoppingList/Info.plist;
				INFOPLIST_KEY_UIApplicationSupportsIndirectInputEvents = YES;
				INFOPLIST_KEY_UILaunchStoryboardName = LaunchScreen;
				INFOPLIST_KEY_UIMainStoryboardFile = Main;
				INFOPLIST_KEY_UISupportedInterfaceOrientations_iPad = "UIInterfaceOrientationPortrait UIInterfaceOrientationPortraitUpsideDown UIInterfaceOrientationLandscapeLeft UIInterfaceOrientationLandscapeRight";
				INFOPLIST_KEY_UISupportedInterfaceOrientations_iPhone = "UIInterfaceOrientationPortrait UIInterfaceOrientationLandscapeLeft UIInterfaceOrientationLandscapeRight";
				LD_RUNPATH_SEARCH_PATHS = (
					"$(inherited)",
					"@executable_path/Frameworks",
				);
				MARKETING_VERSION = 1.0;
				PRODUCT_BUNDLE_IDENTIFIER = "com.test.iOS-ShoppingList";
				PRODUCT_NAME = "$(TARGET_NAME)";
				SWIFT_EMIT_LOC_STRINGS = YES;
				SWIFT_VERSION = 5.0;
				TARGETED_DEVICE_FAMILY = "1,2";
			};
			name = Debug;
		};
		1A5474792A74AB8100BA60AE /* Release */ = {
			isa = XCBuildConfiguration;
			buildSettings = {
				ASSETCATALOG_COMPILER_APPICON_NAME = AppIcon;
				ASSETCATALOG_COMPILER_GLOBAL_ACCENT_COLOR_NAME = AccentColor;
				CODE_SIGN_STYLE = Automatic;
				CURRENT_PROJECT_VERSION = 1;
				DEVELOPMENT_TEAM = SCN84PT84W;
				GENERATE_INFOPLIST_FILE = YES;
				INFOPLIST_FILE = iOS_ShoppingList/Info.plist;
				INFOPLIST_KEY_UIApplicationSupportsIndirectInputEvents = YES;
				INFOPLIST_KEY_UILaunchStoryboardName = LaunchScreen;
				INFOPLIST_KEY_UIMainStoryboardFile = Main;
				INFOPLIST_KEY_UISupportedInterfaceOrientations_iPad = "UIInterfaceOrientationPortrait UIInterfaceOrientationPortraitUpsideDown UIInterfaceOrientationLandscapeLeft UIInterfaceOrientationLandscapeRight";
				INFOPLIST_KEY_UISupportedInterfaceOrientations_iPhone = "UIInterfaceOrientationPortrait UIInterfaceOrientationLandscapeLeft UIInterfaceOrientationLandscapeRight";
				LD_RUNPATH_SEARCH_PATHS = (
					"$(inherited)",
					"@executable_path/Frameworks",
				);
				MARKETING_VERSION = 1.0;
				PRODUCT_BUNDLE_IDENTIFIER = "com.test.iOS-ShoppingList";
				PRODUCT_NAME = "$(TARGET_NAME)";
				SWIFT_EMIT_LOC_STRINGS = YES;
				SWIFT_VERSION = 5.0;
				TARGETED_DEVICE_FAMILY = "1,2";
			};
			name = Release;
		};
/* End XCBuildConfiguration section */

/* Begin XCConfigurationList section */
		1A54745E2A74AB7D00BA60AE /* Build configuration list for PBXProject "iOS_ShoppingList" */ = {
			isa = XCConfigurationList;
			buildConfigurations = (
				1A5474752A74AB8100BA60AE /* Debug */,
				1A5474762A74AB8100BA60AE /* Release */,
			);
			defaultConfigurationIsVisible = 0;
			defaultConfigurationName = Release;
		};
		1A5474772A74AB8100BA60AE /* Build configuration list for PBXNativeTarget "iOS_ShoppingList" */ = {
			isa = XCConfigurationList;
			buildConfigurations = (
				1A5474782A74AB8100BA60AE /* Debug */,
				1A5474792A74AB8100BA60AE /* Release */,
			);
			defaultConfigurationIsVisible = 0;
			defaultConfigurationName = Release;
		};
/* End XCConfigurationList section */
	};
	rootObject = 1A54745B2A74AB7D00BA60AE /* Project object */;
}
